
Microsoft Visual Studio Solution File, Format Version 12.00
# Visual Studio 15
VisualStudioVersion = 15.0.28307.489
MinimumVisualStudioVersion = 10.0.40219.1
Project("{FAE04EC0-301F-11D3-BF4B-00C04F79EFBC}") = "WebGitTest", "WebGitTest\WebGitTest.csproj", "{A43CE1B3-B517-4162-B559-D9D75C25384C}"
EndProject
Global
	GlobalSection(SolutionConfigurationPlatforms) = preSolution
		Debug|Any CPU = Debug|Any CPU
		Release|Any CPU = Release|Any CPU
	EndGlobalSection
	GlobalSection(ProjectConfigurationPlatforms) = postSolution
		{A43CE1B3-B517-4162-B559-D9D75C25384C}.Debug|Any CPU.ActiveCfg = Debug|Any CPU
		{A43CE1B3-B517-4162-B559-D9D75C25384C}.Debug|Any CPU.Build.0 = Debug|Any CPU
		{A43CE1B3-B517-4162-B559-D9D75C25384C}.Release|Any CPU.ActiveCfg = Release|Any CPU
		{A43CE1B3-B517-4162-B559-D9D75C25384C}.Release|Any CPU.Build.0 = Release|Any CPU
	EndGlobalSection
	GlobalSection(SolutionProperties) = preSolution
		HideSolutionNode = FALSE
	EndGlobalSection
	GlobalSection(ExtensibilityGlobals) = postSolution
		SolutionGuid = {2C9A841F-DC2A-4BE3-A85E-417AB0655BD1}
	EndGlobalSection
EndGlobal
